
Microsoft Visual Studio Solution File, Format Version 12.00
Project("{FAE04EC0-301F-11D3-BF4B-00C04F79EFBC}") = "SSQL", "SSQL\SSQL.csproj", "{96CDF70F-E220-4725-8D31-484A9DDFDDEE}"
EndProject
Project("{FAE04EC0-301F-11D3-BF4B-00C04F79EFBC}") = "SSQL.Tests", "SSQL.Tests\SSQL.Tests.csproj", "{3EC0F533-540F-4441-AC81-E60F714857B6}"
EndProject
Global
	GlobalSection(SolutionConfigurationPlatforms) = preSolution
		Debug|Any CPU = Debug|Any CPU
		Release|Any CPU = Release|Any CPU
	EndGlobalSection
	GlobalSection(ProjectConfigurationPlatforms) = postSolution
		{96CDF70F-E220-4725-8D31-484A9DDFDDEE}.Debug|Any CPU.ActiveCfg = Debug|Any CPU
		{96CDF70F-E220-4725-8D31-484A9DDFDDEE}.Debug|Any CPU.Build.0 = Debug|Any CPU
		{96CDF70F-E220-4725-8D31-484A9DDFDDEE}.Release|Any CPU.ActiveCfg = Release|Any CPU
		{96CDF70F-E220-4725-8D31-484A9DDFDDEE}.Release|Any CPU.Build.0 = Release|Any CPU
		{3EC0F533-540F-4441-AC81-E60F714857B6}.Debug|Any CPU.ActiveCfg = Debug|Any CPU
		{3EC0F533-540F-4441-AC81-E60F714857B6}.Debug|Any CPU.Build.0 = Debug|Any CPU
		{3EC0F533-540F-4441-AC81-E60F714857B6}.Release|Any CPU.ActiveCfg = Release|Any CPU
		{3EC0F533-540F-4441-AC81-E60F714857B6}.Release|Any CPU.Build.0 = Release|Any CPU
	EndGlobalSection
EndGlobal
